
Microsoft Visual Studio Solution File, Format Version 12.00
# Visual Studio Version 17
VisualStudioVersion = 17.3.32901.215
MinimumVisualStudioVersion = 10.0.40219.1
Project("{E53339B2-1760-4266-BCC7-CA923CBCF16C}") = "docker-compose", "docker-compose.dcproj", "{BC3BE590-5519-4D12-BAD0-B3A507592AE0}"
EndProject
Project("{9A19103F-16F7-4668-BE54-9A1E7A4F7556}") = "NotSoSimpleEcommerce.HealthChecker", "src\services\NotSoSimpleEcommerce.HealthChecker\NotSoSimpleEcommerce.HealthChecker.csproj", "{BC8AAB0A-B4F5-47E2-A846-3109B97484C5}"
EndProject
Project("{9A19103F-16F7-4668-BE54-9A1E7A4F7556}") = "NotSoSimpleEcommerce.Notificator", "src\workers\NotSoSimpleEcommerce.Notificator\NotSoSimpleEcommerce.Notificator.csproj", "{2F8937A6-273A-4A70-B7BC-C1D9D839541F}"
EndProject
Project("{9A19103F-16F7-4668-BE54-9A1E7A4F7556}") = "NotSoSimpleEcommerce.IdentityServer", "src\services\NotSoSimpleEcommerce.IdentityServer\NotSoSimpleEcommerce.IdentityServer.csproj", "{F5807E2A-A71F-4060-A78D-B4BF1C41CAF2}"
EndProject
Project("{2150E333-8FDC-42A3-9474-1A3956D46DE8}") = "00-Services", "00-Services", "{B06648B1-3AFC-4843-910D-D40FF8AE17F3}"
EndProject
Project("{2150E333-8FDC-42A3-9474-1A3956D46DE8}") = "02-Domains", "02-Domains", "{1E815AEB-4B2D-4168-AA3D-3DEFBDE8EF7E}"
EndProject
Project("{2150E333-8FDC-42A3-9474-1A3956D46DE8}") = "03-Infrastructure", "03-Infrastructure", "{1B34CEA0-2A94-4F86-A76E-88B997A00B23}"
EndProject
Project("{9A19103F-16F7-4668-BE54-9A1E7A4F7556}") = "NotSoSimpleEcommerce.Order.Domain", "src\domains\NotSoSimpleEcommerce.Order.Domain\NotSoSimpleEcommerce.Order.Domain.csproj", "{E558FBA0-EDBA-4BAC-8C70-1533F91507E0}"
EndProject
Project("{9A19103F-16F7-4668-BE54-9A1E7A4F7556}") = "NotSoSimpleEcommerce.Main", "src\services\NotSoSimpleEcommerce.Main\NotSoSimpleEcommerce.Main.csproj", "{AFD58B84-0BE2-4151-845E-C91847EA6294}"
EndProject
Project("{9A19103F-16F7-4668-BE54-9A1E7A4F7556}") = "NotSoSimpleEcommerce.Main.Domain", "src\domains\NotSoSimpleEcommerce.Main.Domain\NotSoSimpleEcommerce.Main.Domain.csproj", "{2403757F-0DD6-4727-90FA-B7CA80964266}"
EndProject
Project("{FAE04EC0-301F-11D3-BF4B-00C04F79EFBC}") = "NotSoSimpleEcommerce.IdentityServer.Domain", "src\domains\NotSoSimpleEcommerce.IdentityServer.Domain\NotSoSimpleEcommerce.IdentityServer.Domain.csproj", "{9E99A10F-0F94-4366-BA6B-3A71AC022D01}"
EndProject
Project("{FAE04EC0-301F-11D3-BF4B-00C04F79EFBC}") = "NotSoSimpleEcommerce.Shared", "src\domains\NotSoSimpleEcommerce.Shared\NotSoSimpleEcommerce.Shared.csproj", "{863C1A4B-E5C3-4264-8B2C-3F86613B26AA}"
EndProject
Project("{FAE04EC0-301F-11D3-BF4B-00C04F79EFBC}") = "NotSoSimpleEcommerce.Repositories", "src\infrastructure\NotSoSimpleEcommerce.Repositories\NotSoSimpleEcommerce.Repositories.csproj", "{C3F46039-B0FA-423A-AF0E-F1E99C609F7D}"
EndProject
Project("{FAE04EC0-301F-11D3-BF4B-00C04F79EFBC}") = "NotSoSimpleEcommerce.Order", "src\services\NotSoSimpleEcommerce.Order\NotSoSimpleEcommerce.Order.csproj", "{53692BCA-2DC0-4D4A-9EEF-FC32F01AA082}"
EndProject
Project("{FAE04EC0-301F-11D3-BF4B-00C04F79EFBC}") = "NotSoSimpleEcommerce.InvoiceGenerator", "src\workers\NotSoSimpleEcommerce.InvoiceGenerator\NotSoSimpleEcommerce.InvoiceGenerator.csproj", "{0E644316-6683-4EB0-AFA1-557E83F5A23A}"
EndProject
Project("{FAE04EC0-301F-11D3-BF4B-00C04F79EFBC}") = "NotSoSimpleEcommerce.SnsHandler", "src\infrastructure\NotSoSimpleEcommerce.SnsHandler\NotSoSimpleEcommerce.SnsHandler.csproj", "{449AB983-E30C-4131-A02E-14F9EF120A8F}"
EndProject
Project("{FAE04EC0-301F-11D3-BF4B-00C04F79EFBC}") = "NotSoSimpleEcommerce.SqsHandler", "src\infrastructure\NotSoSimpleEcommerce.SqsHandler\NotSoSimpleEcommerce.SqsHandler.csproj", "{1D4A5B20-2907-4C0F-A682-8B506F56D92B}"
EndProject
Project("{FAE04EC0-301F-11D3-BF4B-00C04F79EFBC}") = "NotSoSimpleEcommerce.SesHandler", "src\infrastructure\NotSoSimpleEcommerce.SesHandler\NotSoSimpleEcommerce.SesHandler.csproj", "{55A26EDB-E257-4947-9AD5-260A912F128C}"
EndProject
Project("{FAE04EC0-301F-11D3-BF4B-00C04F79EFBC}") = "NotSoSimpleEcommerce.S3Handler", "src\infrastructure\NotSoSimpleEcommerce.S3Handler\NotSoSimpleEcommerce.S3Handler.csproj", "{71AB91D4-5DB2-48D5-968F-53D519F48B77}"
EndProject
Project("{2150E333-8FDC-42A3-9474-1A3956D46DE8}") = "01-Workers", "01-Workers", "{C957011B-40D3-4D61-936D-209AB3CDA71B}"
EndProject
Project("{FAE04EC0-301F-11D3-BF4B-00C04F79EFBC}") = "NotSoSimpleEcommerce.Utils", "src\infrastructure\NotSoSimpleEcommerce.Utils\NotSoSimpleEcommerce.Utils.csproj", "{1C1E65F6-0685-48A9-864E-1D7A616DB089}"
EndProject
Global
	GlobalSection(SolutionConfigurationPlatforms) = preSolution
		Debug|Any CPU = Debug|Any CPU
		Release|Any CPU = Release|Any CPU
	EndGlobalSection
	GlobalSection(ProjectConfigurationPlatforms) = postSolution
		{BC3BE590-5519-4D12-BAD0-B3A507592AE0}.Debug|Any CPU.ActiveCfg = Debug|Any CPU
		{BC3BE590-5519-4D12-BAD0-B3A507592AE0}.Debug|Any CPU.Build.0 = Debug|Any CPU
		{BC3BE590-5519-4D12-BAD0-B3A507592AE0}.Release|Any CPU.ActiveCfg = Release|Any CPU
		{BC3BE590-5519-4D12-BAD0-B3A507592AE0}.Release|Any CPU.Build.0 = Release|Any CPU
		{BC8AAB0A-B4F5-47E2-A846-3109B97484C5}.Debug|Any CPU.ActiveCfg = Debug|Any CPU
		{BC8AAB0A-B4F5-47E2-A846-3109B97484C5}.Debug|Any CPU.Build.0 = Debug|Any CPU
		{BC8AAB0A-B4F5-47E2-A846-3109B97484C5}.Release|Any CPU.ActiveCfg = Release|Any CPU
		{BC8AAB0A-B4F5-47E2-A846-3109B97484C5}.Release|Any CPU.Build.0 = Release|Any CPU
		{2F8937A6-273A-4A70-B7BC-C1D9D839541F}.Debug|Any CPU.ActiveCfg = Debug|Any CPU
		{2F8937A6-273A-4A70-B7BC-C1D9D839541F}.Debug|Any CPU.Build.0 = Debug|Any CPU
		{2F8937A6-273A-4A70-B7BC-C1D9D839541F}.Release|Any CPU.ActiveCfg = Release|Any CPU
		{2F8937A6-273A-4A70-B7BC-C1D9D839541F}.Release|Any CPU.Build.0 = Release|Any CPU
		{F5807E2A-A71F-4060-A78D-B4BF1C41CAF2}.Debug|Any CPU.ActiveCfg = Debug|Any CPU
		{F5807E2A-A71F-4060-A78D-B4BF1C41CAF2}.Debug|Any CPU.Build.0 = Debug|Any CPU
		{F5807E2A-A71F-4060-A78D-B4BF1C41CAF2}.Release|Any CPU.ActiveCfg = Release|Any CPU
		{F5807E2A-A71F-4060-A78D-B4BF1C41CAF2}.Release|Any CPU.Build.0 = Release|Any CPU
		{E558FBA0-EDBA-4BAC-8C70-1533F91507E0}.Debug|Any CPU.ActiveCfg = Debug|Any CPU
		{E558FBA0-EDBA-4BAC-8C70-1533F91507E0}.Debug|Any CPU.Build.0 = Debug|Any CPU
		{E558FBA0-EDBA-4BAC-8C70-1533F91507E0}.Release|Any CPU.ActiveCfg = Release|Any CPU
		{E558FBA0-EDBA-4BAC-8C70-1533F91507E0}.Release|Any CPU.Build.0 = Release|Any CPU
		{AFD58B84-0BE2-4151-845E-C91847EA6294}.Debug|Any CPU.ActiveCfg = Debug|Any CPU
		{AFD58B84-0BE2-4151-845E-C91847EA6294}.Debug|Any CPU.Build.0 = Debug|Any CPU
		{AFD58B84-0BE2-4151-845E-C91847EA6294}.Release|Any CPU.ActiveCfg = Release|Any CPU
		{AFD58B84-0BE2-4151-845E-C91847EA6294}.Release|Any CPU.Build.0 = Release|Any CPU
		{2403757F-0DD6-4727-90FA-B7CA80964266}.Debug|Any CPU.ActiveCfg = Debug|Any CPU
		{2403757F-0DD6-4727-90FA-B7CA80964266}.Debug|Any CPU.Build.0 = Debug|Any CPU
		{2403757F-0DD6-4727-90FA-B7CA80964266}.Release|Any CPU.ActiveCfg = Release|Any CPU
		{2403757F-0DD6-4727-90FA-B7CA80964266}.Release|Any CPU.Build.0 = Release|Any CPU
		{9E99A10F-0F94-4366-BA6B-3A71AC022D01}.Debug|Any CPU.ActiveCfg = Debug|Any CPU
		{9E99A10F-0F94-4366-BA6B-3A71AC022D01}.Debug|Any CPU.Build.0 = Debug|Any CPU
		{9E99A10F-0F94-4366-BA6B-3A71AC022D01}.Release|Any CPU.ActiveCfg = Release|Any CPU
		{9E99A10F-0F94-4366-BA6B-3A71AC022D01}.Release|Any CPU.Build.0 = Release|Any CPU
		{863C1A4B-E5C3-4264-8B2C-3F86613B26AA}.Debug|Any CPU.ActiveCfg = Debug|Any CPU
		{863C1A4B-E5C3-4264-8B2C-3F86613B26AA}.Debug|Any CPU.Build.0 = Debug|Any CPU
		{863C1A4B-E5C3-4264-8B2C-3F86613B26AA}.Release|Any CPU.ActiveCfg = Release|Any CPU
		{863C1A4B-E5C3-4264-8B2C-3F86613B26AA}.Release|Any CPU.Build.0 = Release|Any CPU
		{C3F46039-B0FA-423A-AF0E-F1E99C609F7D}.Debug|Any CPU.ActiveCfg = Debug|Any CPU
		{C3F46039-B0FA-423A-AF0E-F1E99C609F7D}.Debug|Any CPU.Build.0 = Debug|Any CPU
		{C3F46039-B0FA-423A-AF0E-F1E99C609F7D}.Release|Any CPU.ActiveCfg = Release|Any CPU
		{C3F46039-B0FA-423A-AF0E-F1E99C609F7D}.Release|Any CPU.Build.0 = Release|Any CPU
		{53692BCA-2DC0-4D4A-9EEF-FC32F01AA082}.Debug|Any CPU.ActiveCfg = Debug|Any CPU
		{53692BCA-2DC0-4D4A-9EEF-FC32F01AA082}.Debug|Any CPU.Build.0 = Debug|Any CPU
		{53692BCA-2DC0-4D4A-9EEF-FC32F01AA082}.Release|Any CPU.ActiveCfg = Release|Any CPU
		{53692BCA-2DC0-4D4A-9EEF-FC32F01AA082}.Release|Any CPU.Build.0 = Release|Any CPU
		{0E644316-6683-4EB0-AFA1-557E83F5A23A}.Debug|Any CPU.ActiveCfg = Debug|Any CPU
		{0E644316-6683-4EB0-AFA1-557E83F5A23A}.Debug|Any CPU.Build.0 = Debug|Any CPU
		{0E644316-6683-4EB0-AFA1-557E83F5A23A}.Release|Any CPU.ActiveCfg = Release|Any CPU
		{0E644316-6683-4EB0-AFA1-557E83F5A23A}.Release|Any CPU.Build.0 = Release|Any CPU
		{449AB983-E30C-4131-A02E-14F9EF120A8F}.Debug|Any CPU.ActiveCfg = Debug|Any CPU
		{449AB983-E30C-4131-A02E-14F9EF120A8F}.Debug|Any CPU.Build.0 = Debug|Any CPU
		{449AB983-E30C-4131-A02E-14F9EF120A8F}.Release|Any CPU.ActiveCfg = Release|Any CPU
		{449AB983-E30C-4131-A02E-14F9EF120A8F}.Release|Any CPU.Build.0 = Release|Any CPU
		{1D4A5B20-2907-4C0F-A682-8B506F56D92B}.Debug|Any CPU.ActiveCfg = Debug|Any CPU
		{1D4A5B20-2907-4C0F-A682-8B506F56D92B}.Debug|Any CPU.Build.0 = Debug|Any CPU
		{1D4A5B20-2907-4C0F-A682-8B506F56D92B}.Release|Any CPU.ActiveCfg = Release|Any CPU
		{1D4A5B20-2907-4C0F-A682-8B506F56D92B}.Release|Any CPU.Build.0 = Release|Any CPU
		{55A26EDB-E257-4947-9AD5-260A912F128C}.Debug|Any CPU.ActiveCfg = Debug|Any CPU
		{55A26EDB-E257-4947-9AD5-260A912F128C}.Debug|Any CPU.Build.0 = Debug|Any CPU
		{55A26EDB-E257-4947-9AD5-260A912F128C}.Release|Any CPU.ActiveCfg = Release|Any CPU
		{55A26EDB-E257-4947-9AD5-260A912F128C}.Release|Any CPU.Build.0 = Release|Any CPU
		{71AB91D4-5DB2-48D5-968F-53D519F48B77}.Debug|Any CPU.ActiveCfg = Debug|Any CPU
		{71AB91D4-5DB2-48D5-968F-53D519F48B77}.Debug|Any CPU.Build.0 = Debug|Any CPU
		{71AB91D4-5DB2-48D5-968F-53D519F48B77}.Release|Any CPU.ActiveCfg = Release|Any CPU
		{71AB91D4-5DB2-48D5-968F-53D519F48B77}.Release|Any CPU.Build.0 = Release|Any CPU
		{1C1E65F6-0685-48A9-864E-1D7A616DB089}.Debug|Any CPU.ActiveCfg = Debug|Any CPU
		{1C1E65F6-0685-48A9-864E-1D7A616DB089}.Debug|Any CPU.Build.0 = Debug|Any CPU
		{1C1E65F6-0685-48A9-864E-1D7A616DB089}.Release|Any CPU.ActiveCfg = Release|Any CPU
		{1C1E65F6-0685-48A9-864E-1D7A616DB089}.Release|Any CPU.Build.0 = Release|Any CPU
	EndGlobalSection
	GlobalSection(SolutionProperties) = preSolution
		HideSolutionNode = FALSE
	EndGlobalSection
	GlobalSection(NestedProjects) = preSolution
		{BC8AAB0A-B4F5-47E2-A846-3109B97484C5} = {B06648B1-3AFC-4843-910D-D40FF8AE17F3}
		{F5807E2A-A71F-4060-A78D-B4BF1C41CAF2} = {B06648B1-3AFC-4843-910D-D40FF8AE17F3}
		{E558FBA0-EDBA-4BAC-8C70-1533F91507E0} = {1E815AEB-4B2D-4168-AA3D-3DEFBDE8EF7E}
		{AFD58B84-0BE2-4151-845E-C91847EA6294} = {B06648B1-3AFC-4843-910D-D40FF8AE17F3}
		{2403757F-0DD6-4727-90FA-B7CA80964266} = {1E815AEB-4B2D-4168-AA3D-3DEFBDE8EF7E}
		{9E99A10F-0F94-4366-BA6B-3A71AC022D01} = {1E815AEB-4B2D-4168-AA3D-3DEFBDE8EF7E}
		{863C1A4B-E5C3-4264-8B2C-3F86613B26AA} = {1E815AEB-4B2D-4168-AA3D-3DEFBDE8EF7E}
		{C3F46039-B0FA-423A-AF0E-F1E99C609F7D} = {1B34CEA0-2A94-4F86-A76E-88B997A00B23}
		{53692BCA-2DC0-4D4A-9EEF-FC32F01AA082} = {B06648B1-3AFC-4843-910D-D40FF8AE17F3}
		{449AB983-E30C-4131-A02E-14F9EF120A8F} = {1B34CEA0-2A94-4F86-A76E-88B997A00B23}
		{1D4A5B20-2907-4C0F-A682-8B506F56D92B} = {1B34CEA0-2A94-4F86-A76E-88B997A00B23}
		{55A26EDB-E257-4947-9AD5-260A912F128C} = {1B34CEA0-2A94-4F86-A76E-88B997A00B23}
		{71AB91D4-5DB2-48D5-968F-53D519F48B77} = {1B34CEA0-2A94-4F86-A76E-88B997A00B23}
		{0E644316-6683-4EB0-AFA1-557E83F5A23A} = {C957011B-40D3-4D61-936D-209AB3CDA71B}
		{2F8937A6-273A-4A70-B7BC-C1D9D839541F} = {C957011B-40D3-4D61-936D-209AB3CDA71B}
		{1C1E65F6-0685-48A9-864E-1D7A616DB089} = {1B34CEA0-2A94-4F86-A76E-88B997A00B23}
	EndGlobalSection
	GlobalSection(ExtensibilityGlobals) = postSolution
		SolutionGuid = {B7EC1997-9E54-4C56-B5D1-BF1134DEDC03}
	EndGlobalSection
EndGlobal
